
Microsoft Visual Studio Solution File, Format Version 12.00
# Visual Studio 14
VisualStudioVersion = 14.0.24720.0
MinimumVisualStudioVersion = 10.0.40219.1
Project("{2150E333-8FDC-42A3-9474-1A3956D46DE8}") = "MongoDB", "MongoDB", "{411D1155-4A46-49DF-AD4F-9577998F301B}"
EndProject
Project("{2150E333-8FDC-42A3-9474-1A3956D46DE8}") = "Configuration", "Configuration", "{BAD357FF-04B1-4AB6-9301-C7D3A36DDD5C}"
EndProject
Project("{FAE04EC0-301F-11D3-BF4B-00C04F79EFBC}") = "Common.Cryptogram", "Common.Cryptogram\Common.Cryptogram.csproj", "{F8A1A6E1-2BFE-42C1-AF1E-EC27C70E594E}"
EndProject
Project("{FAE04EC0-301F-11D3-BF4B-00C04F79EFBC}") = "Common.Logger", "Common.Logger\Common.Logger.csproj", "{C2C92005-3ADC-49E2-85A2-8BD031190485}"
EndProject
Project("{2150E333-8FDC-42A3-9474-1A3956D46DE8}") = "Common", "Common", "{AEF6B340-4957-4041-8A7E-9C8AEEF21D76}"
EndProject
Project("{2150E333-8FDC-42A3-9474-1A3956D46DE8}") = "TimerService", "TimerService", "{E1FB4B85-90E0-4970-BB2C-8E5E8020BC07}"
EndProject
Project("{2150E333-8FDC-42A3-9474-1A3956D46DE8}") = "Test", "Test", "{70EDEBF3-807A-4806-A8FF-AFC3DE80DD67}"
EndProject
Project("{FAE04EC0-301F-11D3-BF4B-00C04F79EFBC}") = "SQLAdmin.IService", "SQLAdmin.IService\SQLAdmin.IService.csproj", "{54B4022A-6BF0-416E-9578-E165136DC8D7}"
EndProject
Project("{FAE04EC0-301F-11D3-BF4B-00C04F79EFBC}") = "SQLAdmin.Domain", "SQLAdmin.Domain\SQLAdmin.Domain.csproj", "{A85141B4-0571-4D0E-B868-99F1AF36DD8E}"
EndProject
Project("{FAE04EC0-301F-11D3-BF4B-00C04F79EFBC}") = "MongoDB.Service", "MongoDB.Service\MongoDB.Service.csproj", "{816C8F93-6708-4935-9A06-9219306852CA}"
EndProject
Project("{FAE04EC0-301F-11D3-BF4B-00C04F79EFBC}") = "MongoDB.Domain", "MongoDB.Domain\MongoDB.Domain.csproj", "{271E65D6-60B7-4191-BA9A-BB929439CF64}"
EndProject
Project("{FAE04EC0-301F-11D3-BF4B-00C04F79EFBC}") = "SQLAdmin.Dao", "SQLAdmin.Dao\SQLAdmin.Dao.csproj", "{BF26268F-B539-406B-AA88-4CA90187C782}"
EndProject
Project("{2150E333-8FDC-42A3-9474-1A3956D46DE8}") = "UI", "UI", "{5C4948A8-E86C-4ADD-9268-E8EEC75FD78C}"
EndProject
Project("{FAE04EC0-301F-11D3-BF4B-00C04F79EFBC}") = "SQLAdmin.Build", "SQLAdmin.Build\SQLAdmin.Build.csproj", "{CF8C6806-B01C-4A47-B78C-A01EB6A28659}"
EndProject
Project("{FAE04EC0-301F-11D3-BF4B-00C04F79EFBC}") = "SQLAdmin.Installation", "SQLAdmin.Installation\SQLAdmin.Installation.csproj", "{B0D86B73-E821-4CBF-AD17-DCC6A758B615}"
EndProject
Project("{FAE04EC0-301F-11D3-BF4B-00C04F79EFBC}") = "SQLAdmin.UnInstallation", "SQLAdmin.UnInstallation\SQLAdmin.UnInstallation.csproj", "{E043A100-1D8E-4275-A07E-76DB95ABE986}"
EndProject
Project("{FAE04EC0-301F-11D3-BF4B-00C04F79EFBC}") = "MongoDB.Grammar", "MongoDB.Grammar\MongoDB.Grammar.csproj", "{16AC7D83-90C0-426B-9664-B153A4F961B9}"
EndProject
Project("{FAE04EC0-301F-11D3-BF4B-00C04F79EFBC}") = "MongoDB.Command", "MongoDB.Command\MongoDB.Command.csproj", "{ACA94866-D8CD-462F-81EA-FCA4FD04D2F5}"
EndProject
Project("{FAE04EC0-301F-11D3-BF4B-00C04F79EFBC}") = "SQLAdmin.UITest", "SQLAdmin.UITest\SQLAdmin.UITest.csproj", "{F6D2450D-AB6E-4EA7-98D5-40D4B76A269C}"
EndProject
Project("{FAE04EC0-301F-11D3-BF4B-00C04F79EFBC}") = "SQLAdmin.TimrServiceTest", "SQLAdmin.TimrServiceTest\SQLAdmin.TimrServiceTest.csproj", "{16351447-D519-4055-BEF4-EC679B73B0F4}"
EndProject
Project("{FAE04EC0-301F-11D3-BF4B-00C04F79EFBC}") = "SQLAdmin.TimerService", "SQLAdmin.TimerService\SQLAdmin.TimerService.csproj", "{1B917038-86DF-4150-A679-BC70C04B1152}"
EndProject
Project("{FAE04EC0-301F-11D3-BF4B-00C04F79EFBC}") = "MMS.UI", "MMS.UI\MMS.UI.csproj", "{B461142D-ED6D-4A55-A3D5-612D6E58EEA5}"
EndProject
Project("{FAE04EC0-301F-11D3-BF4B-00C04F79EFBC}") = "SQLAdmin.Config", "SQLAdmin.Config\SQLAdmin.Config.csproj", "{A724907B-EF35-416A-AF6F-340417F40B99}"
EndProject
Project("{FAE04EC0-301F-11D3-BF4B-00C04F79EFBC}") = "SQLAdmin.Client", "SQLAdmin.Client\SQLAdmin.Client.csproj", "{E0053072-0FA0-4F52-AC83-B2AB023D4C2C}"
EndProject
Project("{FAE04EC0-301F-11D3-BF4B-00C04F79EFBC}") = "MongoDB.Dao", "MongoDB.Dao\MongoDB.Dao.csproj", "{3EC60A22-8F5C-4D17-ABDA-194057663682}"
EndProject
Project("{FAE04EC0-301F-11D3-BF4B-00C04F79EFBC}") = "SQLAdmin.Web", "SQLAdmin.Web\SQLAdmin.Web.csproj", "{3F085125-4C14-4664-8F68-1408469ABE9C}"
EndProject
Project("{FAE04EC0-301F-11D3-BF4B-00C04F79EFBC}") = "SQLAdmin.WebUI", "SQLAdmin.WebUI\SQLAdmin.WebUI.csproj", "{11CD8744-98C8-444B-9281-24EED3681459}"
EndProject
Project("{FAE04EC0-301F-11D3-BF4B-00C04F79EFBC}") = "Common.Utility", "Common.Utility\Common.Utility.csproj", "{7272F819-4CFF-4B74-BFF4-AC9A61DBF215}"
EndProject
Project("{FAE04EC0-301F-11D3-BF4B-00C04F79EFBC}") = "SQLAdmin.Utility", "SQLAdmin.Utility\SQLAdmin.Utility.csproj", "{698F30D4-2153-4055-B1F3-ED51670877A5}"
EndProject
Project("{2150E333-8FDC-42A3-9474-1A3956D46DE8}") = "SQLServer", "SQLServer", "{C9CCF9D6-9247-4396-85E9-F02532857942}"
EndProject
Project("{FAE04EC0-301F-11D3-BF4B-00C04F79EFBC}") = "SQLServer.Dao", "SQLServer.Dao\SQLServer.Dao.csproj", "{E8199617-96F1-461A-B4C4-D41DBC4FDE71}"
EndProject
Project("{FAE04EC0-301F-11D3-BF4B-00C04F79EFBC}") = "SQLServer.Service", "SQLServer.Service\SQLServer.Service.csproj", "{B36C2DA6-886D-4742-9DB8-9461AC8D9931}"
EndProject
Project("{FAE04EC0-301F-11D3-BF4B-00C04F79EFBC}") = "Common.Interceptor", "Common.Interceptor\Common.Interceptor.csproj", "{DC36606A-80CE-4222-8CB6-65F6D39BCF83}"
EndProject
Project("{FAE04EC0-301F-11D3-BF4B-00C04F79EFBC}") = "SQLServer.Utility", "SQLServer.Utility\SQLServer.Utility.csproj", "{7ECB60B2-EA2F-4524-B597-6B4BE26B6AA3}"
EndProject
Project("{FAE04EC0-301F-11D3-BF4B-00C04F79EFBC}") = "SQLAdmin.TimerContract", "SQLAdmin.TimerContract\SQLAdmin.TimerContract.csproj", "{B623F59D-8C25-44AD-AD0D-8823495BF66F}"
EndProject
Project("{FAE04EC0-301F-11D3-BF4B-00C04F79EFBC}") = "SQLAdmin.TimerMain", "SQLAdmin.TimerMain\SQLAdmin.TimerMain.csproj", "{F3C30030-892B-4059-BE44-228D4ACD0E8A}"
EndProject
Project("{FAE04EC0-301F-11D3-BF4B-00C04F79EFBC}") = "SQLServer.Domain", "SQLServer.Domain\SQLServer.Domain.csproj", "{8203E461-B72C-4BF0-9DF5-0D1AE2EED223}"
EndProject
Global
	GlobalSection(SolutionConfigurationPlatforms) = preSolution
		Debug|Any CPU = Debug|Any CPU
		Debug|x64 = Debug|x64
		Release|Any CPU = Release|Any CPU
		Release|x64 = Release|x64
	EndGlobalSection
	GlobalSection(ProjectConfigurationPlatforms) = postSolution
		{F8A1A6E1-2BFE-42C1-AF1E-EC27C70E594E}.Debug|Any CPU.ActiveCfg = Debug|Any CPU
		{F8A1A6E1-2BFE-42C1-AF1E-EC27C70E594E}.Debug|x64.ActiveCfg = Debug|x64
		{F8A1A6E1-2BFE-42C1-AF1E-EC27C70E594E}.Release|Any CPU.ActiveCfg = Release|Any CPU
		{F8A1A6E1-2BFE-42C1-AF1E-EC27C70E594E}.Release|x64.ActiveCfg = Release|x64
		{C2C92005-3ADC-49E2-85A2-8BD031190485}.Debug|Any CPU.ActiveCfg = Debug|Any CPU
		{C2C92005-3ADC-49E2-85A2-8BD031190485}.Debug|x64.ActiveCfg = Debug|x64
		{C2C92005-3ADC-49E2-85A2-8BD031190485}.Release|Any CPU.ActiveCfg = Release|Any CPU
		{C2C92005-3ADC-49E2-85A2-8BD031190485}.Release|x64.ActiveCfg = Release|x64
		{54B4022A-6BF0-416E-9578-E165136DC8D7}.Debug|Any CPU.ActiveCfg = Debug|Any CPU
		{54B4022A-6BF0-416E-9578-E165136DC8D7}.Debug|x64.ActiveCfg = Debug|Any CPU
		{54B4022A-6BF0-416E-9578-E165136DC8D7}.Release|Any CPU.ActiveCfg = Release|Any CPU
		{54B4022A-6BF0-416E-9578-E165136DC8D7}.Release|x64.ActiveCfg = Release|Any CPU
		{A85141B4-0571-4D0E-B868-99F1AF36DD8E}.Debug|Any CPU.ActiveCfg = Debug|Any CPU
		{A85141B4-0571-4D0E-B868-99F1AF36DD8E}.Debug|x64.ActiveCfg = Debug|Any CPU
		{A85141B4-0571-4D0E-B868-99F1AF36DD8E}.Release|Any CPU.ActiveCfg = Release|Any CPU
		{A85141B4-0571-4D0E-B868-99F1AF36DD8E}.Release|x64.ActiveCfg = Release|Any CPU
		{816C8F93-6708-4935-9A06-9219306852CA}.Debug|Any CPU.ActiveCfg = Debug|Any CPU
		{816C8F93-6708-4935-9A06-9219306852CA}.Debug|x64.ActiveCfg = Debug|Any CPU
		{816C8F93-6708-4935-9A06-9219306852CA}.Release|Any CPU.ActiveCfg = Release|Any CPU
		{816C8F93-6708-4935-9A06-9219306852CA}.Release|x64.ActiveCfg = Release|Any CPU
		{271E65D6-60B7-4191-BA9A-BB929439CF64}.Debug|Any CPU.ActiveCfg = Debug|Any CPU
		{271E65D6-60B7-4191-BA9A-BB929439CF64}.Debug|x64.ActiveCfg = Debug|Any CPU
		{271E65D6-60B7-4191-BA9A-BB929439CF64}.Release|Any CPU.ActiveCfg = Release|Any CPU
		{271E65D6-60B7-4191-BA9A-BB929439CF64}.Release|x64.ActiveCfg = Release|Any CPU
		{BF26268F-B539-406B-AA88-4CA90187C782}.Debug|Any CPU.ActiveCfg = Debug|Any CPU
		{BF26268F-B539-406B-AA88-4CA90187C782}.Debug|x64.ActiveCfg = Debug|Any CPU
		{BF26268F-B539-406B-AA88-4CA90187C782}.Release|Any CPU.ActiveCfg = Release|Any CPU
		{BF26268F-B539-406B-AA88-4CA90187C782}.Release|x64.ActiveCfg = Release|Any CPU
		{CF8C6806-B01C-4A47-B78C-A01EB6A28659}.Debug|Any CPU.ActiveCfg = Debug|Any CPU
		{CF8C6806-B01C-4A47-B78C-A01EB6A28659}.Debug|x64.ActiveCfg = Debug|x64
		{CF8C6806-B01C-4A47-B78C-A01EB6A28659}.Release|Any CPU.ActiveCfg = Release|Any CPU
		{CF8C6806-B01C-4A47-B78C-A01EB6A28659}.Release|x64.ActiveCfg = Release|x64
		{B0D86B73-E821-4CBF-AD17-DCC6A758B615}.Debug|Any CPU.ActiveCfg = Debug|Any CPU
		{B0D86B73-E821-4CBF-AD17-DCC6A758B615}.Debug|x64.ActiveCfg = Debug|x64
		{B0D86B73-E821-4CBF-AD17-DCC6A758B615}.Release|Any CPU.ActiveCfg = Release|Any CPU
		{B0D86B73-E821-4CBF-AD17-DCC6A758B615}.Release|x64.ActiveCfg = Release|x64
		{E043A100-1D8E-4275-A07E-76DB95ABE986}.Debug|Any CPU.ActiveCfg = Debug|Any CPU
		{E043A100-1D8E-4275-A07E-76DB95ABE986}.Debug|x64.ActiveCfg = Debug|x64
		{E043A100-1D8E-4275-A07E-76DB95ABE986}.Release|Any CPU.ActiveCfg = Release|Any CPU
		{E043A100-1D8E-4275-A07E-76DB95ABE986}.Release|x64.ActiveCfg = Release|x64
		{16AC7D83-90C0-426B-9664-B153A4F961B9}.Debug|Any CPU.ActiveCfg = Debug|Any CPU
		{16AC7D83-90C0-426B-9664-B153A4F961B9}.Debug|x64.ActiveCfg = Debug|x64
		{16AC7D83-90C0-426B-9664-B153A4F961B9}.Release|Any CPU.ActiveCfg = Release|Any CPU
		{16AC7D83-90C0-426B-9664-B153A4F961B9}.Release|x64.ActiveCfg = Release|x64
		{ACA94866-D8CD-462F-81EA-FCA4FD04D2F5}.Debug|Any CPU.ActiveCfg = Debug|Any CPU
		{ACA94866-D8CD-462F-81EA-FCA4FD04D2F5}.Debug|x64.ActiveCfg = Debug|x64
		{ACA94866-D8CD-462F-81EA-FCA4FD04D2F5}.Release|Any CPU.ActiveCfg = Release|Any CPU
		{ACA94866-D8CD-462F-81EA-FCA4FD04D2F5}.Release|x64.ActiveCfg = Release|x64
		{F6D2450D-AB6E-4EA7-98D5-40D4B76A269C}.Debug|Any CPU.ActiveCfg = Debug|Any CPU
		{F6D2450D-AB6E-4EA7-98D5-40D4B76A269C}.Debug|x64.ActiveCfg = Debug|Any CPU
		{F6D2450D-AB6E-4EA7-98D5-40D4B76A269C}.Release|Any CPU.ActiveCfg = Release|Any CPU
		{F6D2450D-AB6E-4EA7-98D5-40D4B76A269C}.Release|x64.ActiveCfg = Release|Any CPU
		{16351447-D519-4055-BEF4-EC679B73B0F4}.Debug|Any CPU.ActiveCfg = Debug|Any CPU
		{16351447-D519-4055-BEF4-EC679B73B0F4}.Debug|x64.ActiveCfg = Debug|Any CPU
		{16351447-D519-4055-BEF4-EC679B73B0F4}.Release|Any CPU.ActiveCfg = Release|Any CPU
		{16351447-D519-4055-BEF4-EC679B73B0F4}.Release|x64.ActiveCfg = Release|Any CPU
		{1B917038-86DF-4150-A679-BC70C04B1152}.Debug|Any CPU.ActiveCfg = Debug|Any CPU
		{1B917038-86DF-4150-A679-BC70C04B1152}.Debug|x64.ActiveCfg = Debug|Any CPU
		{1B917038-86DF-4150-A679-BC70C04B1152}.Release|Any CPU.ActiveCfg = Release|Any CPU
		{1B917038-86DF-4150-A679-BC70C04B1152}.Release|x64.ActiveCfg = Release|Any CPU
		{B461142D-ED6D-4A55-A3D5-612D6E58EEA5}.Debug|Any CPU.ActiveCfg = Debug|Any CPU
		{B461142D-ED6D-4A55-A3D5-612D6E58EEA5}.Debug|x64.ActiveCfg = Debug|x64
		{B461142D-ED6D-4A55-A3D5-612D6E58EEA5}.Release|Any CPU.ActiveCfg = Release|Any CPU
		{B461142D-ED6D-4A55-A3D5-612D6E58EEA5}.Release|x64.ActiveCfg = Release|x64
		{A724907B-EF35-416A-AF6F-340417F40B99}.Debug|Any CPU.ActiveCfg = Debug|Any CPU
		{A724907B-EF35-416A-AF6F-340417F40B99}.Debug|x64.ActiveCfg = Debug|x64
		{A724907B-EF35-416A-AF6F-340417F40B99}.Release|Any CPU.ActiveCfg = Release|Any CPU
		{A724907B-EF35-416A-AF6F-340417F40B99}.Release|x64.ActiveCfg = Release|x64
		{E0053072-0FA0-4F52-AC83-B2AB023D4C2C}.Debug|Any CPU.ActiveCfg = Debug|Any CPU
		{E0053072-0FA0-4F52-AC83-B2AB023D4C2C}.Debug|x64.ActiveCfg = Debug|x64
		{E0053072-0FA0-4F52-AC83-B2AB023D4C2C}.Release|Any CPU.ActiveCfg = Release|Any CPU
		{E0053072-0FA0-4F52-AC83-B2AB023D4C2C}.Release|x64.ActiveCfg = Release|x64
		{3EC60A22-8F5C-4D17-ABDA-194057663682}.Debug|Any CPU.ActiveCfg = Debug|Any CPU
		{3EC60A22-8F5C-4D17-ABDA-194057663682}.Debug|x64.ActiveCfg = Debug|x64
		{3EC60A22-8F5C-4D17-ABDA-194057663682}.Release|Any CPU.ActiveCfg = Release|Any CPU
		{3EC60A22-8F5C-4D17-ABDA-194057663682}.Release|x64.ActiveCfg = Release|x64
		{3F085125-4C14-4664-8F68-1408469ABE9C}.Debug|Any CPU.ActiveCfg = Debug|Any CPU
		{3F085125-4C14-4664-8F68-1408469ABE9C}.Debug|x64.ActiveCfg = Debug|Any CPU
		{3F085125-4C14-4664-8F68-1408469ABE9C}.Release|Any CPU.ActiveCfg = Release|Any CPU
		{3F085125-4C14-4664-8F68-1408469ABE9C}.Release|x64.ActiveCfg = Release|Any CPU
		{11CD8744-98C8-444B-9281-24EED3681459}.Debug|Any CPU.ActiveCfg = Debug|Any CPU
		{11CD8744-98C8-444B-9281-24EED3681459}.Debug|x64.ActiveCfg = Debug|Any CPU
		{11CD8744-98C8-444B-9281-24EED3681459}.Release|Any CPU.ActiveCfg = Release|Any CPU
		{11CD8744-98C8-444B-9281-24EED3681459}.Release|x64.ActiveCfg = Release|Any CPU
		{7272F819-4CFF-4B74-BFF4-AC9A61DBF215}.Debug|Any CPU.ActiveCfg = Debug|Any CPU
		{7272F819-4CFF-4B74-BFF4-AC9A61DBF215}.Debug|x64.ActiveCfg = Debug|Any CPU
		{7272F819-4CFF-4B74-BFF4-AC9A61DBF215}.Release|Any CPU.ActiveCfg = Release|Any CPU
		{7272F819-4CFF-4B74-BFF4-AC9A61DBF215}.Release|x64.ActiveCfg = Release|Any CPU
		{698F30D4-2153-4055-B1F3-ED51670877A5}.Debug|Any CPU.ActiveCfg = Debug|Any CPU
		{698F30D4-2153-4055-B1F3-ED51670877A5}.Debug|Any CPU.Build.0 = Debug|Any CPU
		{698F30D4-2153-4055-B1F3-ED51670877A5}.Debug|x64.ActiveCfg = Debug|Any CPU
		{698F30D4-2153-4055-B1F3-ED51670877A5}.Release|Any CPU.ActiveCfg = Release|Any CPU
		{698F30D4-2153-4055-B1F3-ED51670877A5}.Release|Any CPU.Build.0 = Release|Any CPU
		{698F30D4-2153-4055-B1F3-ED51670877A5}.Release|x64.ActiveCfg = Release|Any CPU
		{E8199617-96F1-461A-B4C4-D41DBC4FDE71}.Debug|Any CPU.ActiveCfg = Debug|Any CPU
		{E8199617-96F1-461A-B4C4-D41DBC4FDE71}.Debug|Any CPU.Build.0 = Debug|Any CPU
		{E8199617-96F1-461A-B4C4-D41DBC4FDE71}.Debug|x64.ActiveCfg = Debug|Any CPU
		{E8199617-96F1-461A-B4C4-D41DBC4FDE71}.Debug|x64.Build.0 = Debug|Any CPU
		{E8199617-96F1-461A-B4C4-D41DBC4FDE71}.Release|Any CPU.ActiveCfg = Release|Any CPU
		{E8199617-96F1-461A-B4C4-D41DBC4FDE71}.Release|Any CPU.Build.0 = Release|Any CPU
		{E8199617-96F1-461A-B4C4-D41DBC4FDE71}.Release|x64.ActiveCfg = Release|Any CPU
		{E8199617-96F1-461A-B4C4-D41DBC4FDE71}.Release|x64.Build.0 = Release|Any CPU
		{B36C2DA6-886D-4742-9DB8-9461AC8D9931}.Debug|Any CPU.ActiveCfg = Debug|Any CPU
		{B36C2DA6-886D-4742-9DB8-9461AC8D9931}.Debug|Any CPU.Build.0 = Debug|Any CPU
		{B36C2DA6-886D-4742-9DB8-9461AC8D9931}.Debug|x64.ActiveCfg = Debug|Any CPU
		{B36C2DA6-886D-4742-9DB8-9461AC8D9931}.Debug|x64.Build.0 = Debug|Any CPU
		{B36C2DA6-886D-4742-9DB8-9461AC8D9931}.Release|Any CPU.ActiveCfg = Release|Any CPU
		{B36C2DA6-886D-4742-9DB8-9461AC8D9931}.Release|Any CPU.Build.0 = Release|Any CPU
		{B36C2DA6-886D-4742-9DB8-9461AC8D9931}.Release|x64.ActiveCfg = Release|Any CPU
		{B36C2DA6-886D-4742-9DB8-9461AC8D9931}.Release|x64.Build.0 = Release|Any CPU
		{DC36606A-80CE-4222-8CB6-65F6D39BCF83}.Debug|Any CPU.ActiveCfg = Debug|Any CPU
		{DC36606A-80CE-4222-8CB6-65F6D39BCF83}.Debug|Any CPU.Build.0 = Debug|Any CPU
		{DC36606A-80CE-4222-8CB6-65F6D39BCF83}.Debug|x64.ActiveCfg = Debug|Any CPU
		{DC36606A-80CE-4222-8CB6-65F6D39BCF83}.Debug|x64.Build.0 = Debug|Any CPU
		{DC36606A-80CE-4222-8CB6-65F6D39BCF83}.Release|Any CPU.ActiveCfg = Release|Any CPU
		{DC36606A-80CE-4222-8CB6-65F6D39BCF83}.Release|Any CPU.Build.0 = Release|Any CPU
		{DC36606A-80CE-4222-8CB6-65F6D39BCF83}.Release|x64.ActiveCfg = Release|Any CPU
		{DC36606A-80CE-4222-8CB6-65F6D39BCF83}.Release|x64.Build.0 = Release|Any CPU
		{7ECB60B2-EA2F-4524-B597-6B4BE26B6AA3}.Debug|Any CPU.ActiveCfg = Debug|Any CPU
		{7ECB60B2-EA2F-4524-B597-6B4BE26B6AA3}.Debug|Any CPU.Build.0 = Debug|Any CPU
		{7ECB60B2-EA2F-4524-B597-6B4BE26B6AA3}.Debug|x64.ActiveCfg = Debug|Any CPU
		{7ECB60B2-EA2F-4524-B597-6B4BE26B6AA3}.Debug|x64.Build.0 = Debug|Any CPU
		{7ECB60B2-EA2F-4524-B597-6B4BE26B6AA3}.Release|Any CPU.ActiveCfg = Release|Any CPU
		{7ECB60B2-EA2F-4524-B597-6B4BE26B6AA3}.Release|Any CPU.Build.0 = Release|Any CPU
		{7ECB60B2-EA2F-4524-B597-6B4BE26B6AA3}.Release|x64.ActiveCfg = Release|Any CPU
		{7ECB60B2-EA2F-4524-B597-6B4BE26B6AA3}.Release|x64.Build.0 = Release|Any CPU
		{B623F59D-8C25-44AD-AD0D-8823495BF66F}.Debug|Any CPU.ActiveCfg = Debug|Any CPU
		{B623F59D-8C25-44AD-AD0D-8823495BF66F}.Debug|Any CPU.Build.0 = Debug|Any CPU
		{B623F59D-8C25-44AD-AD0D-8823495BF66F}.Debug|x64.ActiveCfg = Debug|Any CPU
		{B623F59D-8C25-44AD-AD0D-8823495BF66F}.Debug|x64.Build.0 = Debug|Any CPU
		{B623F59D-8C25-44AD-AD0D-8823495BF66F}.Release|Any CPU.ActiveCfg = Release|Any CPU
		{B623F59D-8C25-44AD-AD0D-8823495BF66F}.Release|Any CPU.Build.0 = Release|Any CPU
		{B623F59D-8C25-44AD-AD0D-8823495BF66F}.Release|x64.ActiveCfg = Release|Any CPU
		{B623F59D-8C25-44AD-AD0D-8823495BF66F}.Release|x64.Build.0 = Release|Any CPU
		{F3C30030-892B-4059-BE44-228D4ACD0E8A}.Debug|Any CPU.ActiveCfg = Debug|Any CPU
		{F3C30030-892B-4059-BE44-228D4ACD0E8A}.Debug|Any CPU.Build.0 = Debug|Any CPU
		{F3C30030-892B-4059-BE44-228D4ACD0E8A}.Debug|x64.ActiveCfg = Debug|Any CPU
		{F3C30030-892B-4059-BE44-228D4ACD0E8A}.Debug|x64.Build.0 = Debug|Any CPU
		{F3C30030-892B-4059-BE44-228D4ACD0E8A}.Release|Any CPU.ActiveCfg = Release|Any CPU
		{F3C30030-892B-4059-BE44-228D4ACD0E8A}.Release|Any CPU.Build.0 = Release|Any CPU
		{F3C30030-892B-4059-BE44-228D4ACD0E8A}.Release|x64.ActiveCfg = Release|Any CPU
		{F3C30030-892B-4059-BE44-228D4ACD0E8A}.Release|x64.Build.0 = Release|Any CPU
		{8203E461-B72C-4BF0-9DF5-0D1AE2EED223}.Debug|Any CPU.ActiveCfg = Debug|Any CPU
		{8203E461-B72C-4BF0-9DF5-0D1AE2EED223}.Debug|Any CPU.Build.0 = Debug|Any CPU
		{8203E461-B72C-4BF0-9DF5-0D1AE2EED223}.Debug|x64.ActiveCfg = Debug|Any CPU
		{8203E461-B72C-4BF0-9DF5-0D1AE2EED223}.Debug|x64.Build.0 = Debug|Any CPU
		{8203E461-B72C-4BF0-9DF5-0D1AE2EED223}.Release|Any CPU.ActiveCfg = Release|Any CPU
		{8203E461-B72C-4BF0-9DF5-0D1AE2EED223}.Release|Any CPU.Build.0 = Release|Any CPU
		{8203E461-B72C-4BF0-9DF5-0D1AE2EED223}.Release|x64.ActiveCfg = Release|Any CPU
		{8203E461-B72C-4BF0-9DF5-0D1AE2EED223}.Release|x64.Build.0 = Release|Any CPU
	EndGlobalSection
	GlobalSection(SolutionProperties) = preSolution
		HideSolutionNode = FALSE
	EndGlobalSection
	GlobalSection(NestedProjects) = preSolution
		{F8A1A6E1-2BFE-42C1-AF1E-EC27C70E594E} = {AEF6B340-4957-4041-8A7E-9C8AEEF21D76}
		{C2C92005-3ADC-49E2-85A2-8BD031190485} = {AEF6B340-4957-4041-8A7E-9C8AEEF21D76}
		{816C8F93-6708-4935-9A06-9219306852CA} = {411D1155-4A46-49DF-AD4F-9577998F301B}
		{271E65D6-60B7-4191-BA9A-BB929439CF64} = {411D1155-4A46-49DF-AD4F-9577998F301B}
		{CF8C6806-B01C-4A47-B78C-A01EB6A28659} = {BAD357FF-04B1-4AB6-9301-C7D3A36DDD5C}
		{B0D86B73-E821-4CBF-AD17-DCC6A758B615} = {BAD357FF-04B1-4AB6-9301-C7D3A36DDD5C}
		{E043A100-1D8E-4275-A07E-76DB95ABE986} = {BAD357FF-04B1-4AB6-9301-C7D3A36DDD5C}
		{16AC7D83-90C0-426B-9664-B153A4F961B9} = {411D1155-4A46-49DF-AD4F-9577998F301B}
		{ACA94866-D8CD-462F-81EA-FCA4FD04D2F5} = {411D1155-4A46-49DF-AD4F-9577998F301B}
		{F6D2450D-AB6E-4EA7-98D5-40D4B76A269C} = {70EDEBF3-807A-4806-A8FF-AFC3DE80DD67}
		{16351447-D519-4055-BEF4-EC679B73B0F4} = {70EDEBF3-807A-4806-A8FF-AFC3DE80DD67}
		{1B917038-86DF-4150-A679-BC70C04B1152} = {E1FB4B85-90E0-4970-BB2C-8E5E8020BC07}
		{B461142D-ED6D-4A55-A3D5-612D6E58EEA5} = {5C4948A8-E86C-4ADD-9268-E8EEC75FD78C}
		{3EC60A22-8F5C-4D17-ABDA-194057663682} = {411D1155-4A46-49DF-AD4F-9577998F301B}
		{11CD8744-98C8-444B-9281-24EED3681459} = {5C4948A8-E86C-4ADD-9268-E8EEC75FD78C}
		{7272F819-4CFF-4B74-BFF4-AC9A61DBF215} = {AEF6B340-4957-4041-8A7E-9C8AEEF21D76}
		{E8199617-96F1-461A-B4C4-D41DBC4FDE71} = {C9CCF9D6-9247-4396-85E9-F02532857942}
		{B36C2DA6-886D-4742-9DB8-9461AC8D9931} = {C9CCF9D6-9247-4396-85E9-F02532857942}
		{DC36606A-80CE-4222-8CB6-65F6D39BCF83} = {AEF6B340-4957-4041-8A7E-9C8AEEF21D76}
		{7ECB60B2-EA2F-4524-B597-6B4BE26B6AA3} = {C9CCF9D6-9247-4396-85E9-F02532857942}
		{B623F59D-8C25-44AD-AD0D-8823495BF66F} = {E1FB4B85-90E0-4970-BB2C-8E5E8020BC07}
		{F3C30030-892B-4059-BE44-228D4ACD0E8A} = {E1FB4B85-90E0-4970-BB2C-8E5E8020BC07}
		{8203E461-B72C-4BF0-9DF5-0D1AE2EED223} = {C9CCF9D6-9247-4396-85E9-F02532857942}
	EndGlobalSection
EndGlobal
